// !$*UTF8*$!
{
	archiveVersion = 1;
	classes = {
	};
	objectVersion = 50;
	objects = {

/* Begin PBXBuildFile section */
		FEF9A2882107A970009F7EF9 /* AppDelegate.swift in Sources */ = {isa = PBXBuildFile; fileRef = FEF9A2872107A970009F7EF9 /* AppDelegate.swift */; };
		FEF9A28A2107A970009F7EF9 /* ViewController.swift in Sources */ = {isa = PBXBuildFile; fileRef = FEF9A2892107A970009F7EF9 /* ViewController.swift */; };
		FEF9A28F2107A970009F7EF9 /* Assets.xcassets in Resources */ = {isa = PBXBuildFile; fileRef = FEF9A28E2107A970009F7EF9 /* Assets.xcassets */; };
		FEF9A2922107A970009F7EF9 /* LaunchScreen.storyboard in Resources */ = {isa = PBXBuildFile; fileRef = FEF9A2902107A970009F7EF9 /* LaunchScreen.storyboard */; };
		FEF9A2B62107ABB8009F7EF9 /* Main.storyboard in Resources */ = {isa = PBXBuildFile; fileRef = FEF9A2B52107ABB8009F7EF9 /* Main.storyboard */; };
/* End PBXBuildFile section */

/* Begin PBXContainerItemProxy section */
		FEF9A2992107A970009F7EF9 /* PBXContainerItemProxy */ = {
			isa = PBXContainerItemProxy;
			containerPortal = FEF9A27C2107A970009F7EF9 /* Project object */;
			proxyType = 1;
			remoteGlobalIDString = FEF9A2832107A970009F7EF9;
			remoteInfo = LoanCalc;
		};
		FEF9A2A42107A970009F7EF9 /* PBXContainerItemProxy */ = {
			isa = PBXContainerItemProxy;
			containerPortal = FEF9A27C2107A970009F7EF9 /* Project object */;
			proxyType = 1;
			remoteGlobalIDString = FEF9A2832107A970009F7EF9;
			remoteInfo = LoanCalc;
		};
/* End PBXContainerItemProxy section */

/* Begin PBXFileReference section */
		FEF9A2842107A970009F7EF9 /* LoanCalc.app */ = {isa = PBXFileReference; explicitFileType = wrapper.application; includeInIndex = 0; path = LoanCalc.app; sourceTree = BUILT_PRODUCTS_DIR; };
		FEF9A2872107A970009F7EF9 /* AppDelegate.swift */ = {isa = PBXFileReference; lastKnownFileType = sourcecode.swift; path = AppDelegate.swift; sourceTree = "<group>"; };
		FEF9A2892107A970009F7EF9 /* ViewController.swift */ = {isa = PBXFileReference; lastKnownFileType = sourcecode.swift; path = ViewController.swift; sourceTree = "<group>"; };
		FEF9A28E2107A970009F7EF9 /* Assets.xcassets */ = {isa = PBXFileReference; lastKnownFileType = folder.assetcatalog; path = Assets.xcassets; sourceTree = "<group>"; };
		FEF9A2912107A970009F7EF9 /* Base */ = {isa = PBXFileReference; lastKnownFileType = file.storyboard; name = Base; path = Base.lproj/LaunchScreen.storyboard; sourceTree = "<group>"; };
		FEF9A2932107A970009F7EF9 /* Info.plist */ = {isa = PBXFileReference; lastKnownFileType = text.plist.xml; path = Info.plist; sourceTree = "<group>"; };
		FEF9A2982107A970009F7EF9 /* LoanCalcTests.xctest */ = {isa = PBXFileReference; explicitFileType = wrapper.cfbundle; includeInIndex = 0; path = LoanCalcTests.xctest; sourceTree = BUILT_PRODUCTS_DIR; };
		FEF9A2A32107A970009F7EF9 /* LoanCalcUITests.xctest */ = {isa = PBXFileReference; explicitFileType = wrapper.cfbundle; includeInIndex = 0; path = LoanCalcUITests.xctest; sourceTree = BUILT_PRODUCTS_DIR; };
		FEF9A2B52107ABB8009F7EF9 /* Main.storyboard */ = {isa = PBXFileReference; fileEncoding = 4; lastKnownFileType = file.storyboard; path = Main.storyboard; sourceTree = "<group>"; };
/* End PBXFileReference section */

/* Begin PBXFrameworksBuildPhase section */
		FEF9A2812107A970009F7EF9 /* Frameworks */ = {
			isa = PBXFrameworksBuildPhase;
			buildActionMask = 2147483647;
			files = (
			);
			runOnlyForDeploymentPostprocessing = 0;
		};
		FEF9A2952107A970009F7EF9 /* Frameworks */ = {
			isa = PBXFrameworksBuildPhase;
			buildActionMask = 2147483647;
			files = (
			);
			runOnlyForDeploymentPostprocessing = 0;
		};
		FEF9A2A02107A970009F7EF9 /* Frameworks */ = {
			isa = PBXFrameworksBuildPhase;
			buildActionMask = 2147483647;
			files = (
			);
			runOnlyForDeploymentPostprocessing = 0;
		};
/* End PBXFrameworksBuildPhase section */

/* Begin PBXGroup section */
		FEF9A27B2107A970009F7EF9 = {
			isa = PBXGroup;
			children = (
				FEF9A2862107A970009F7EF9 /* LoanCalc */,
				FEF9A2852107A970009F7EF9 /* Products */,
			);
			sourceTree = "<group>";
		};
		FEF9A2852107A970009F7EF9 /* Products */ = {
			isa = PBXGroup;
			children = (
				FEF9A2842107A970009F7EF9 /* LoanCalc.app */,
				FEF9A2982107A970009F7EF9 /* LoanCalcTests.xctest */,
				FEF9A2A32107A970009F7EF9 /* LoanCalcUITests.xctest */,
			);
			name = Products;
			sourceTree = "<group>";
		};
		FEF9A2862107A970009F7EF9 /* LoanCalc */ = {
			isa = PBXGroup;
			children = (
				FEF9A2872107A970009F7EF9 /* AppDelegate.swift */,
				FEF9A2892107A970009F7EF9 /* ViewController.swift */,
				FEF9A2B52107ABB8009F7EF9 /* Main.storyboard */,
				FEF9A28E2107A970009F7EF9 /* Assets.xcassets */,
				FEF9A2902107A970009F7EF9 /* LaunchScreen.storyboard */,
				FEF9A2932107A970009F7EF9 /* Info.plist */,
			);
			path = LoanCalc;
			sourceTree = "<group>";
		};
/* End PBXGroup section */

/* Begin PBXNativeTarget section */
		FEF9A2832107A970009F7EF9 /* LoanCalc */ = {
			isa = PBXNativeTarget;
			buildConfigurationList = FEF9A2AC2107A970009F7EF9 /* Build configuration list for PBXNativeTarget "LoanCalc" */;
			buildPhases = (
				FEF9A2802107A970009F7EF9 /* Sources */,
				FEF9A2812107A970009F7EF9 /* Frameworks */,
				FEF9A2822107A970009F7EF9 /* Resources */,
			);
			buildRules = (
			);
			dependencies = (
			);
			name = LoanCalc;
			productName = LoanCalc;
			productReference = FEF9A2842107A970009F7EF9 /* LoanCalc.app */;
			productType = "com.apple.product-type.application";
		};
		FEF9A2972107A970009F7EF9 /* LoanCalcTests */ = {
			isa = PBXNativeTarget;
			buildConfigurationList = FEF9A2AF2107A970009F7EF9 /* Build configuration list for PBXNativeTarget "LoanCalcTests" */;
			buildPhases = (
				FEF9A2942107A970009F7EF9 /* Sources */,
				FEF9A2952107A970009F7EF9 /* Frameworks */,
				FEF9A2962107A970009F7EF9 /* Resources */,
			);
			buildRules = (
			);
			dependencies = (
				FEF9A29A2107A970009F7EF9 /* PBXTargetDependency */,
			);
			name = LoanCalcTests;
			productName = LoanCalcTests;
			productReference = FEF9A2982107A970009F7EF9 /* LoanCalcTests.xctest */;
			productType = "com.apple.product-type.bundle.unit-test";
		};
		FEF9A2A22107A970009F7EF9 /* LoanCalcUITests */ = {
			isa = PBXNativeTarget;
			buildConfigurationList = FEF9A2B22107A970009F7EF9 /* Build configuration list for PBXNativeTarget "LoanCalcUITests" */;
			buildPhases = (
				FEF9A29F2107A970009F7EF9 /* Sources */,
				FEF9A2A02107A970009F7EF9 /* Frameworks */,
				FEF9A2A12107A970009F7EF9 /* Resources */,
			);
			buildRules = (
			);
			dependencies = (
				FEF9A2A52107A970009F7EF9 /* PBXTargetDependency */,
			);
			name = LoanCalcUITests;
			productName = LoanCalcUITests;
			productReference = FEF9A2A32107A970009F7EF9 /* LoanCalcUITests.xctest */;
			productType = "com.apple.product-type.bundle.ui-testing";
		};
/* End PBXNativeTarget section */

/* Begin PBXProject section */
		FEF9A27C2107A970009F7EF9 /* Project object */ = {
			isa = PBXProject;
			attributes = {
				LastSwiftUpdateCheck = 0940;
				LastUpgradeCheck = 0940;
				ORGANIZATIONNAME = "Bill Meyer";
				TargetAttributes = {
					FEF9A2832107A970009F7EF9 = {
						CreatedOnToolsVersion = 9.4.1;
					};
					FEF9A2972107A970009F7EF9 = {
						CreatedOnToolsVersion = 9.4.1;
						TestTargetID = FEF9A2832107A970009F7EF9;
					};
					FEF9A2A22107A970009F7EF9 = {
						CreatedOnToolsVersion = 9.4.1;
						TestTargetID = FEF9A2832107A970009F7EF9;
					};
				};
			};
			buildConfigurationList = FEF9A27F2107A970009F7EF9 /* Build configuration list for PBXProject "LoanCalc" */;
			compatibilityVersion = "Xcode 9.3";
			developmentRegion = en;
			hasScannedForEncodings = 0;
			knownRegions = (
				en,
				Base,
			);
			mainGroup = FEF9A27B2107A970009F7EF9;
			productRefGroup = FEF9A2852107A970009F7EF9 /* Products */;
			projectDirPath = "";
			projectRoot = "";
			targets = (
				FEF9A2832107A970009F7EF9 /* LoanCalc */,
				FEF9A2972107A970009F7EF9 /* LoanCalcTests */,
				FEF9A2A22107A970009F7EF9 /* LoanCalcUITests */,
			);
		};
/* End PBXProject section */

/* Begin PBXResourcesBuildPhase section */
		FEF9A2822107A970009F7EF9 /* Resources */ = {
			isa = PBXResourcesBuildPhase;
			buildActionMask = 2147483647;
			files = (
				FEF9A2922107A970009F7EF9 /* LaunchScreen.storyboard in Resources */,
				FEF9A28F2107A970009F7EF9 /* Assets.xcassets in Resources */,
				FEF9A2B62107ABB8009F7EF9 /* Main.storyboard in Resources */,
			);
			runOnlyForDeploymentPostprocessing = 0;
		};
		FEF9A2962107A970009F7EF9 /* Resources */ = {
			isa = PBXResourcesBuildPhase;
			buildActionMask = 2147483647;
			files = (
			);
			runOnlyForDeploymentPostprocessing = 0;
		};
		FEF9A2A12107A970009F7EF9 /* Resources */ = {
			isa = PBXResourcesBuildPhase;
			buildActionMask = 2147483647;
			files = (
			);
			runOnlyForDeploymentPostprocessing = 0;
		};
/* End PBXResourcesBuildPhase section */

/* Begin PBXSourcesBuildPhase section */
		FEF9A2802107A970009F7EF9 /* Sources */ = {
			isa = PBXSourcesBuildPhase;
			buildActionMask = 2147483647;
			files = (
				FEF9A28A2107A970009F7EF9 /* ViewController.swift in Sources */,
				FEF9A2882107A970009F7EF9 /* AppDelegate.swift in Sources */,
			);
			runOnlyForDeploymentPostprocessing = 0;
		};
		FEF9A2942107A970009F7EF9 /* Sources */ = {
			isa = PBXSourcesBuildPhase;
			buildActionMask = 2147483647;
			files = (
			);
			runOnlyForDeploymentPostprocessing = 0;
		};
		FEF9A29F2107A970009F7EF9 /* Sources */ = {
			isa = PBXSourcesBuildPhase;
			buildActionMask = 2147483647;
			files = (
			);
			runOnlyForDeploymentPostprocessing = 0;
		};
/* End PBXSourcesBuildPhase section */

/* Begin PBXTargetDependency section */
		FEF9A29A2107A970009F7EF9 /* PBXTargetDependency */ = {
			isa = PBXTargetDependency;
			target = FEF9A2832107A970009F7EF9 /* LoanCalc */;
			targetProxy = FEF9A2992107A970009F7EF9 /* PBXContainerItemProxy */;
		};
		FEF9A2A52107A970009F7EF9 /* PBXTargetDependency */ = {
			isa = PBXTargetDependency;
			target = FEF9A2832107A970009F7EF9 /* LoanCalc */;
			targetProxy = FEF9A2A42107A970009F7EF9 /* PBXContainerItemProxy */;
		};
/* End PBXTargetDependency section */

/* Begin PBXVariantGroup section */
		FEF9A2902107A970009F7EF9 /* LaunchScreen.storyboard */ = {
			isa = PBXVariantGroup;
			children = (
				FEF9A2912107A970009F7EF9 /* Base */,
			);
			name = LaunchScreen.storyboard;
			sourceTree = "<group>";
		};
/* End PBXVariantGroup section */

/* Begin XCBuildConfiguration section */
		FEF9A2AA2107A970009F7EF9 /* Debug */ = {
			isa = XCBuildConfiguration;
			buildSettings = {
				ALWAYS_SEARCH_USER_PATHS = NO;
				CLANG_ANALYZER_NONNULL = YES;
				CLANG_ANALYZER_NUMBER_OBJECT_CONVERSION = YES_AGGRESSIVE;
				CLANG_CXX_LANGUAGE_STANDARD = "gnu++14";
				CLANG_CXX_LIBRARY = "libc++";
				CLANG_ENABLE_MODULES = YES;
				CLANG_ENABLE_OBJC_ARC = YES;
				CLANG_ENABLE_OBJC_WEAK = YES;
				CLANG_WARN_BLOCK_CAPTURE_AUTORELEASING = YES;
				CLANG_WARN_BOOL_CONVERSION = YES;
				CLANG_WARN_COMMA = YES;
				CLANG_WARN_CONSTANT_CONVERSION = YES;
				CLANG_WARN_DEPRECATED_OBJC_IMPLEMENTATIONS = YES;
				CLANG_WARN_DIRECT_OBJC_ISA_USAGE = YES_ERROR;
				CLANG_WARN_DOCUMENTATION_COMMENTS = YES;
				CLANG_WARN_EMPTY_BODY = YES;
				CLANG_WARN_ENUM_CONVERSION = YES;
				CLANG_WARN_INFINITE_RECURSION = YES;
				CLANG_WARN_INT_CONVERSION = YES;
				CLANG_WARN_NON_LITERAL_NULL_CONVERSION = YES;
				CLANG_WARN_OBJC_IMPLICIT_RETAIN_SELF = YES;
				CLANG_WARN_OBJC_LITERAL_CONVERSION = YES;
				CLANG_WARN_OBJC_ROOT_CLASS = YES_ERROR;
				CLANG_WARN_RANGE_LOOP_ANALYSIS = YES;
				CLANG_WARN_STRICT_PROTOTYPES = YES;
				CLANG_WARN_SUSPICIOUS_MOVE = YES;
				CLANG_WARN_UNGUARDED_AVAILABILITY = YES_AGGRESSIVE;
				CLANG_WARN_UNREACHABLE_CODE = YES;
				CLANG_WARN__DUPLICATE_METHOD_MATCH = YES;
				CODE_SIGN_IDENTITY = "iPhone Developer";
				COPY_PHASE_STRIP = NO;
				DEBUG_INFORMATION_FORMAT = dwarf;
				ENABLE_STRICT_OBJC_MSGSEND = YES;
				ENABLE_TESTABILITY = YES;
				GCC_C_LANGUAGE_STANDARD = gnu11;
				GCC_DYNAMIC_NO_PIC = NO;
				GCC_NO_COMMON_BLOCKS = YES;
				GCC_OPTIMIZATION_LEVEL = 0;
				GCC_PREPROCESSOR_DEFINITIONS = (
					"DEBUG=1",
					"$(inherited)",
				);
				GCC_WARN_64_TO_32_BIT_CONVERSION = YES;
				GCC_WARN_ABOUT_RETURN_TYPE = YES_ERROR;
				GCC_WARN_UNDECLARED_SELECTOR = YES;
				GCC_WARN_UNINITIALIZED_AUTOS = YES_AGGRESSIVE;
				GCC_WARN_UNUSED_FUNCTION = YES;
				GCC_WARN_UNUSED_VARIABLE = YES;
				IPHONEOS_DEPLOYMENT_TARGET = 11.0;
				MTL_ENABLE_DEBUG_INFO = YES;
				ONLY_ACTIVE_ARCH = YES;
				SDKROOT = iphoneos;
				SWIFT_ACTIVE_COMPILATION_CONDITIONS = DEBUG;
				SWIFT_OPTIMIZATION_LEVEL = "-Onone";
			};
			name = Debug;
		};
		FEF9A2AB2107A970009F7EF9 /* Release */ = {
			isa = XCBuildConfiguration;
			buildSettings = {
				ALWAYS_SEARCH_USER_PATHS = NO;
				CLANG_ANALYZER_NONNULL = YES;
				CLANG_ANALYZER_NUMBER_OBJECT_CONVERSION = YES_AGGRESSIVE;
				CLANG_CXX_LANGUAGE_STANDARD = "gnu++14";
				CLANG_CXX_LIBRARY = "libc++";
				CLANG_ENABLE_MODULES = YES;
				CLANG_ENABLE_OBJC_ARC = YES;
				CLANG_ENABLE_OBJC_WEAK = YES;
				CLANG_WARN_BLOCK_CAPTURE_AUTORELEASING = YES;
				CLANG_WARN_BOOL_CONVERSION = YES;
				CLANG_WARN_COMMA = YES;
				CLANG_WARN_CONSTANT_CONVERSION = YES;
				CLANG_WARN_DEPRECATED_OBJC_IMPLEMENTATIONS = YES;
				CLANG_WARN_DIRECT_OBJC_ISA_USAGE = YES_ERROR;
				CLANG_WARN_DOCUMENTATION_COMMENTS = YES;
				CLANG_WARN_EMPTY_BODY = YES;
				CLANG_WARN_ENUM_CONVERSION = YES;
				CLANG_WARN_INFINITE_RECURSION = YES;
				CLANG_WARN_INT_CONVERSION = YES;
				CLANG_WARN_NON_LITERAL_NULL_CONVERSION = YES;
				CLANG_WARN_OBJC_IMPLICIT_RETAIN_SELF = YES;
				CLANG_WARN_OBJC_LITERAL_CONVERSION = YES;
				CLANG_WARN_OBJC_ROOT_CLASS = YES_ERROR;
				CLANG_WARN_RANGE_LOOP_ANALYSIS = YES;
				CLANG_WARN_STRICT_PROTOTYPES = YES;
				CLANG_WARN_SUSPICIOUS_MOVE = YES;
				CLANG_WARN_UNGUARDED_AVAILABILITY = YES_AGGRESSIVE;
				CLANG_WARN_UNREACHABLE_CODE = YES;
				CLANG_WARN__DUPLICATE_METHOD_MATCH = YES;
				CODE_SIGN_IDENTITY = "iPhone Developer";
				COPY_PHASE_STRIP = NO;
				DEBUG_INFORMATION_FORMAT = "dwarf-with-dsym";
				ENABLE_NS_ASSERTIONS = NO;
				ENABLE_STRICT_OBJC_MSGSEND = YES;
				GCC_C_LANGUAGE_STANDARD = gnu11;
				GCC_NO_COMMON_BLOCKS = YES;
				GCC_WARN_64_TO_32_BIT_CONVERSION = YES;
				GCC_WARN_ABOUT_RETURN_TYPE = YES_ERROR;
				GCC_WARN_UNDECLARED_SELECTOR = YES;
				GCC_WARN_UNINITIALIZED_AUTOS = YES_AGGRESSIVE;
				GCC_WARN_UNUSED_FUNCTION = YES;
				GCC_WARN_UNUSED_VARIABLE = YES;
				IPHONEOS_DEPLOYMENT_TARGET = 11.0;
				MTL_ENABLE_DEBUG_INFO = NO;
				SDKROOT = iphoneos;
				SWIFT_COMPILATION_MODE = wholemodule;
				SWIFT_OPTIMIZATION_LEVEL = "-O";
				VALIDATE_PRODUCT = YES;
			};
			name = Release;
		};
		FEF9A2AD2107A970009F7EF9 /* Debug */ = {
			isa = XCBuildConfiguration;
			buildSettings = {
				ASSETCATALOG_COMPILER_APPICON_NAME = AppIcon;
				CODE_SIGN_STYLE = Automatic;
				DEVELOPMENT_TEAM = ZCSD2ECK77;
				INFOPLIST_FILE = LoanCalc/Info.plist;
				LD_RUNPATH_SEARCH_PATHS = (
					"$(inherited)",
					"@executable_path/Frameworks",
				);
				PRODUCT_BUNDLE_IDENTIFIER = io.billmeyer.LoanCalc;
				PRODUCT_NAME = "$(TARGET_NAME)";
				SWIFT_VERSION = 4.0;
				TARGETED_DEVICE_FAMILY = "1,2";
			};
			name = Debug;
		};
		FEF9A2AE2107A970009F7EF9 /* Release */ = {
			isa = XCBuildConfiguration;
			buildSettings = {
				ASSETCATALOG_COMPILER_APPICON_NAME = AppIcon;
				CODE_SIGN_STYLE = Automatic;
				DEVELOPMENT_TEAM = ZCSD2ECK77;
				INFOPLIST_FILE = LoanCalc/Info.plist;
				LD_RUNPATH_SEARCH_PATHS = (
					"$(inherited)",
					"@executable_path/Frameworks",
				);
				PRODUCT_BUNDLE_IDENTIFIER = io.billmeyer.LoanCalc;
				PRODUCT_NAME = "$(TARGET_NAME)";
				SWIFT_VERSION = 4.0;
				TARGETED_DEVICE_FAMILY = "1,2";
			};
			name = Release;
		};
		FEF9A2B02107A970009F7EF9 /* Debug */ = {
			isa = XCBuildConfiguration;
			buildSettings = {
				ALWAYS_EMBED_SWIFT_STANDARD_LIBRARIES = YES;
				BUNDLE_LOADER = "$(TEST_HOST)";
				CODE_SIGN_STYLE = Automatic;
				DEVELOPMENT_TEAM = ZCSD2ECK77;
				INFOPLIST_FILE = LoanCalcTests/Info.plist;
				LD_RUNPATH_SEARCH_PATHS = (
					"$(inherited)",
					"@executable_path/Frameworks",
					"@loader_path/Frameworks",
				);
				PRODUCT_BUNDLE_IDENTIFIER = io.billmeyer.LoanCalcTests;
				PRODUCT_NAME = "$(TARGET_NAME)";
				SWIFT_VERSION = 4.0;
				TARGETED_DEVICE_FAMILY = "1,2";
				TEST_HOST = "$(BUILT_PRODUCTS_DIR)/LoanCalc.app/LoanCalc";
			};
			name = Debug;
		};
		FEF9A2B12107A970009F7EF9 /* Release */ = {
			isa = XCBuildConfiguration;
			buildSettings = {
				ALWAYS_EMBED_SWIFT_STANDARD_LIBRARIES = YES;
				BUNDLE_LOADER = "$(TEST_HOST)";
				CODE_SIGN_STYLE = Automatic;
				DEVELOPMENT_TEAM = ZCSD2ECK77;
				INFOPLIST_FILE = LoanCalcTests/Info.plist;
				LD_RUNPATH_SEARCH_PATHS = (
					"$(inherited)",
					"@executable_path/Frameworks",
					"@loader_path/Frameworks",
				);
				PRODUCT_BUNDLE_IDENTIFIER = io.billmeyer.LoanCalcTests;
				PRODUCT_NAME = "$(TARGET_NAME)";
				SWIFT_VERSION = 4.0;
				TARGETED_DEVICE_FAMILY = "1,2";
				TEST_HOST = "$(BUILT_PRODUCTS_DIR)/LoanCalc.app/LoanCalc";
			};
			name = Release;
		};
		FEF9A2B32107A970009F7EF9 /* Debug */ = {
			isa = XCBuildConfiguration;
			buildSettings = {
				ALWAYS_EMBED_SWIFT_STANDARD_LIBRARIES = YES;
				CODE_SIGN_STYLE = Automatic;
				DEVELOPMENT_TEAM = ZCSD2ECK77;
				INFOPLIST_FILE = LoanCalcUITests/Info.plist;
				LD_RUNPATH_SEARCH_PATHS = (
					"$(inherited)",
					"@executable_path/Frameworks",
					"@loader_path/Frameworks",
				);
				PRODUCT_BUNDLE_IDENTIFIER = io.billmeyer.LoanCalcUITests;
				PRODUCT_NAME = "$(TARGET_NAME)";
				SWIFT_VERSION = 4.0;
				TARGETED_DEVICE_FAMILY = "1,2";
				TEST_TARGET_NAME = LoanCalc;
			};
			name = Debug;
		};
		FEF9A2B42107A970009F7EF9 /* Release */ = {
			isa = XCBuildConfiguration;
			buildSettings = {
				ALWAYS_EMBED_SWIFT_STANDARD_LIBRARIES = YES;
				CODE_SIGN_STYLE = Automatic;
				DEVELOPMENT_TEAM = ZCSD2ECK77;
				INFOPLIST_FILE = LoanCalcUITests/Info.plist;
				LD_RUNPATH_SEARCH_PATHS = (
					"$(inherited)",
					"@executable_path/Frameworks",
					"@loader_path/Frameworks",
				);
				PRODUCT_BUNDLE_IDENTIFIER = io.billmeyer.LoanCalcUITests;
				PRODUCT_NAME = "$(TARGET_NAME)";
				SWIFT_VERSION = 4.0;
				TARGETED_DEVICE_FAMILY = "1,2";
				TEST_TARGET_NAME = LoanCalc;
			};
			name = Release;
		};
/* End XCBuildConfiguration section */

/* Begin XCConfigurationList section */
		FEF9A27F2107A970009F7EF9 /* Build configuration list for PBXProject "LoanCalc" */ = {
			isa = XCConfigurationList;
			buildConfigurations = (
				FEF9A2AA2107A970009F7EF9 /* Debug */,
				FEF9A2AB2107A970009F7EF9 /* Release */,
			);
			defaultConfigurationIsVisible = 0;
			defaultConfigurationName = Release;
		};
		FEF9A2AC2107A970009F7EF9 /* Build configuration list for PBXNativeTarget "LoanCalc" */ = {
			isa = XCConfigurationList;
			buildConfigurations = (
				FEF9A2AD2107A970009F7EF9 /* Debug */,
				FEF9A2AE2107A970009F7EF9 /* Release */,
			);
			defaultConfigurationIsVisible = 0;
			defaultConfigurationName = Release;
		};
		FEF9A2AF2107A970009F7EF9 /* Build configuration list for PBXNativeTarget "LoanCalcTests" */ = {
			isa = XCConfigurationList;
			buildConfigurations = (
				FEF9A2B02107A970009F7EF9 /* Debug */,
				FEF9A2B12107A970009F7EF9 /* Release */,
			);
			defaultConfigurationIsVisible = 0;
			defaultConfigurationName = Release;
		};
		FEF9A2B22107A970009F7EF9 /* Build configuration list for PBXNativeTarget "LoanCalcUITests" */ = {
			isa = XCConfigurationList;
			buildConfigurations = (
				FEF9A2B32107A970009F7EF9 /* Debug */,
				FEF9A2B42107A970009F7EF9 /* Release */,
			);
			defaultConfigurationIsVisible = 0;
			defaultConfigurationName = Release;
		};
/* End XCConfigurationList section */
	};
	rootObject = FEF9A27C2107A970009F7EF9 /* Project object */;
}
